// !$*UTF8*$!
{
	archiveVersion = 1;
	classes = {
	};
	objectVersion = 56;
	objects = {

/* Begin PBXBuildFile section */
		3AEB27CC2BE2A506003225A4 /* App.swift in Sources */ = {isa = PBXBuildFile; fileRef = 3AEB27CB2BE2A506003225A4 /* App.swift */; };
		3AEB27CE2BE2A506003225A4 /* ExampleView.swift in Sources */ = {isa = PBXBuildFile; fileRef = 3AEB27CD2BE2A506003225A4 /* ExampleView.swift */; };
		3AEB27D02BE2A507003225A4 /* Assets.xcassets in Resources */ = {isa = PBXBuildFile; fileRef = 3AEB27CF2BE2A507003225A4 /* Assets.xcassets */; };
		3AEB27D32BE2A507003225A4 /* Preview Assets.xcassets in Resources */ = {isa = PBXBuildFile; fileRef = 3AEB27D22BE2A507003225A4 /* Preview Assets.xcassets */; };
		3AEB27DC2BE2A576003225A4 /* TEA.swift in Sources */ = {isa = PBXBuildFile; fileRef = 3AEB27DB2BE2A576003225A4 /* TEA.swift */; };
		3AEB27DE2BE2B185003225A4 /* Example.swift in Sources */ = {isa = PBXBuildFile; fileRef = 3AEB27DD2BE2B185003225A4 /* Example.swift */; };
		3AEB27E02BE2C28E003225A4 /* ViewAdapter.swift in Sources */ = {isa = PBXBuildFile; fileRef = 3AEB27DF2BE2C28E003225A4 /* ViewAdapter.swift */; };
		3AEB27E42BE2D06B003225A4 /* MakeExample.swift in Sources */ = {isa = PBXBuildFile; fileRef = 3AEB27E32BE2D06B003225A4 /* MakeExample.swift */; };
/* End PBXBuildFile section */

/* Begin PBXFileReference section */
		3AEB27C82BE2A506003225A4 /* ELM+ASYNC.app */ = {isa = PBXFileReference; explicitFileType = wrapper.application; includeInIndex = 0; path = "ELM+ASYNC.app"; sourceTree = BUILT_PRODUCTS_DIR; };
		3AEB27CB2BE2A506003225A4 /* App.swift */ = {isa = PBXFileReference; lastKnownFileType = sourcecode.swift; path = App.swift; sourceTree = "<group>"; };
		3AEB27CD2BE2A506003225A4 /* ExampleView.swift */ = {isa = PBXFileReference; lastKnownFileType = sourcecode.swift; path = ExampleView.swift; sourceTree = "<group>"; };
		3AEB27CF2BE2A507003225A4 /* Assets.xcassets */ = {isa = PBXFileReference; lastKnownFileType = folder.assetcatalog; path = Assets.xcassets; sourceTree = "<group>"; };
		3AEB27D22BE2A507003225A4 /* Preview Assets.xcassets */ = {isa = PBXFileReference; lastKnownFileType = folder.assetcatalog; path = "Preview Assets.xcassets"; sourceTree = "<group>"; };
		3AEB27DB2BE2A576003225A4 /* TEA.swift */ = {isa = PBXFileReference; lastKnownFileType = sourcecode.swift; path = TEA.swift; sourceTree = "<group>"; };
		3AEB27DD2BE2B185003225A4 /* Example.swift */ = {isa = PBXFileReference; lastKnownFileType = sourcecode.swift; path = Example.swift; sourceTree = "<group>"; };
		3AEB27DF2BE2C28E003225A4 /* ViewAdapter.swift */ = {isa = PBXFileReference; lastKnownFileType = sourcecode.swift; path = ViewAdapter.swift; sourceTree = "<group>"; };
		3AEB27E32BE2D06B003225A4 /* MakeExample.swift */ = {isa = PBXFileReference; lastKnownFileType = sourcecode.swift; path = MakeExample.swift; sourceTree = "<group>"; };
/* End PBXFileReference section */

/* Begin PBXFrameworksBuildPhase section */
		3AEB27C52BE2A506003225A4 /* Frameworks */ = {
			isa = PBXFrameworksBuildPhase;
			buildActionMask = 2147483647;
			files = (
			);
			runOnlyForDeploymentPostprocessing = 0;
		};
/* End PBXFrameworksBuildPhase section */

/* Begin PBXGroup section */
		3AEB27BF2BE2A506003225A4 = {
			isa = PBXGroup;
			children = (
				3AEB27CA2BE2A506003225A4 /* ELM+ASYNC */,
				3AEB27C92BE2A506003225A4 /* Products */,
			);
			sourceTree = "<group>";
		};
		3AEB27C92BE2A506003225A4 /* Products */ = {
			isa = PBXGroup;
			children = (
				3AEB27C82BE2A506003225A4 /* ELM+ASYNC.app */,
			);
			name = Products;
			sourceTree = "<group>";
		};
		3AEB27CA2BE2A506003225A4 /* ELM+ASYNC */ = {
			isa = PBXGroup;
			children = (
				3AEB27CB2BE2A506003225A4 /* App.swift */,
				3AEB27E32BE2D06B003225A4 /* MakeExample.swift */,
				3AEB27E22BE2CFF5003225A4 /* Node */,
				3AEB27E12BE2CFE7003225A4 /* Architecture */,
				3AEB27CF2BE2A507003225A4 /* Assets.xcassets */,
				3AEB27D12BE2A507003225A4 /* Preview Content */,
			);
			path = "ELM+ASYNC";
			sourceTree = "<group>";
		};
		3AEB27D12BE2A507003225A4 /* Preview Content */ = {
			isa = PBXGroup;
			children = (
				3AEB27D22BE2A507003225A4 /* Preview Assets.xcassets */,
			);
			path = "Preview Content";
			sourceTree = "<group>";
		};
		3AEB27E12BE2CFE7003225A4 /* Architecture */ = {
			isa = PBXGroup;
			children = (
				3AEB27DB2BE2A576003225A4 /* TEA.swift */,
				3AEB27DF2BE2C28E003225A4 /* ViewAdapter.swift */,
			);
			path = Architecture;
			sourceTree = "<group>";
		};
		3AEB27E22BE2CFF5003225A4 /* Node */ = {
			isa = PBXGroup;
			children = (
				3AEB27DD2BE2B185003225A4 /* Example.swift */,
				3AEB27CD2BE2A506003225A4 /* ExampleView.swift */,
			);
			path = Node;
			sourceTree = "<group>";
		};
/* End PBXGroup section */

/* Begin PBXNativeTarget section */
		3AEB27C72BE2A506003225A4 /* ELM+ASYNC */ = {
			isa = PBXNativeTarget;
			buildConfigurationList = 3AEB27D62BE2A507003225A4 /* Build configuration list for PBXNativeTarget "ELM+ASYNC" */;
			buildPhases = (
				3AEB27C42BE2A506003225A4 /* Sources */,
				3AEB27C52BE2A506003225A4 /* Frameworks */,
				3AEB27C62BE2A506003225A4 /* Resources */,
			);
			buildRules = (
			);
			dependencies = (
			);
			name = "ELM+ASYNC";
			productName = "ELM+ASYNC";
			productReference = 3AEB27C82BE2A506003225A4 /* ELM+ASYNC.app */;
			productType = "com.apple.product-type.application";
		};
/* End PBXNativeTarget section */

/* Begin PBXProject section */
		3AEB27C02BE2A506003225A4 /* Project object */ = {
			isa = PBXProject;
			attributes = {
				BuildIndependentTargetsInParallel = 1;
				LastSwiftUpdateCheck = 1530;
				LastUpgradeCheck = 1530;
				TargetAttributes = {
					3AEB27C72BE2A506003225A4 = {
						CreatedOnToolsVersion = 15.3;
					};
				};
			};
			buildConfigurationList = 3AEB27C32BE2A506003225A4 /* Build configuration list for PBXProject "ELM+ASYNC" */;
			compatibilityVersion = "Xcode 14.0";
			developmentRegion = en;
			hasScannedForEncodings = 0;
			knownRegions = (
				en,
				Base,
			);
			mainGroup = 3AEB27BF2BE2A506003225A4;
			productRefGroup = 3AEB27C92BE2A506003225A4 /* Products */;
			projectDirPath = "";
			projectRoot = "";
			targets = (
				3AEB27C72BE2A506003225A4 /* ELM+ASYNC */,
			);
		};
/* End PBXProject section */

/* Begin PBXResourcesBuildPhase section */
		3AEB27C62BE2A506003225A4 /* Resources */ = {
			isa = PBXResourcesBuildPhase;
			buildActionMask = 2147483647;
			files = (
				3AEB27D32BE2A507003225A4 /* Preview Assets.xcassets in Resources */,
				3AEB27D02BE2A507003225A4 /* Assets.xcassets in Resources */,
			);
			runOnlyForDeploymentPostprocessing = 0;
		};
/* End PBXResourcesBuildPhase section */

/* Begin PBXSourcesBuildPhase section */
		3AEB27C42BE2A506003225A4 /* Sources */ = {
			isa = PBXSourcesBuildPhase;
			buildActionMask = 2147483647;
			files = (
				3AEB27CE2BE2A506003225A4 /* ExampleView.swift in Sources */,
				3AEB27DC2BE2A576003225A4 /* TEA.swift in Sources */,
				3AEB27CC2BE2A506003225A4 /* App.swift in Sources */,
				3AEB27E02BE2C28E003225A4 /* ViewAdapter.swift in Sources */,
				3AEB27E42BE2D06B003225A4 /* MakeExample.swift in Sources */,
				3AEB27DE2BE2B185003225A4 /* Example.swift in Sources */,
			);
			runOnlyForDeploymentPostprocessing = 0;
		};
/* End PBXSourcesBuildPhase section */

/* Begin XCBuildConfiguration section */
		3AEB27D42BE2A507003225A4 /* Debug */ = {
			isa = XCBuildConfiguration;
			buildSettings = {
				ALWAYS_SEARCH_USER_PATHS = NO;
				ASSETCATALOG_COMPILER_GENERATE_SWIFT_ASSET_SYMBOL_EXTENSIONS = YES;
				CLANG_ANALYZER_NONNULL = YES;
				CLANG_ANALYZER_NUMBER_OBJECT_CONVERSION = YES_AGGRESSIVE;
				CLANG_CXX_LANGUAGE_STANDARD = "gnu++20";
				CLANG_ENABLE_MODULES = YES;
				CLANG_ENABLE_OBJC_ARC = YES;
				CLANG_ENABLE_OBJC_WEAK = YES;
				CLANG_WARN_BLOCK_CAPTURE_AUTORELEASING = YES;
				CLANG_WARN_BOOL_CONVERSION = YES;
				CLANG_WARN_COMMA = YES;
				CLANG_WARN_CONSTANT_CONVERSION = YES;
				CLANG_WARN_DEPRECATED_OBJC_IMPLEMENTATIONS = YES;
				CLANG_WARN_DIRECT_OBJC_ISA_USAGE = YES_ERROR;
				CLANG_WARN_DOCUMENTATION_COMMENTS = YES;
				CLANG_WARN_EMPTY_BODY = YES;
				CLANG_WARN_ENUM_CONVERSION = YES;
				CLANG_WARN_INFINITE_RECURSION = YES;
				CLANG_WARN_INT_CONVERSION = YES;
				CLANG_WARN_NON_LITERAL_NULL_CONVERSION = YES;
				CLANG_WARN_OBJC_IMPLICIT_RETAIN_SELF = YES;
				CLANG_WARN_OBJC_LITERAL_CONVERSION = YES;
				CLANG_WARN_OBJC_ROOT_CLASS = YES_ERROR;
				CLANG_WARN_QUOTED_INCLUDE_IN_FRAMEWORK_HEADER = YES;
				CLANG_WARN_RANGE_LOOP_ANALYSIS = YES;
				CLANG_WARN_STRICT_PROTOTYPES = YES;
				CLANG_WARN_SUSPICIOUS_MOVE = YES;
				CLANG_WARN_UNGUARDED_AVAILABILITY = YES_AGGRESSIVE;
				CLANG_WARN_UNREACHABLE_CODE = YES;
				CLANG_WARN__DUPLICATE_METHOD_MATCH = YES;
				COPY_PHASE_STRIP = NO;
				DEBUG_INFORMATION_FORMAT = dwarf;
				ENABLE_STRICT_OBJC_MSGSEND = YES;
				ENABLE_TESTABILITY = YES;
				ENABLE_USER_SCRIPT_SANDBOXING = YES;
				GCC_C_LANGUAGE_STANDARD = gnu17;
				GCC_DYNAMIC_NO_PIC = NO;
				GCC_NO_COMMON_BLOCKS = YES;
				GCC_OPTIMIZATION_LEVEL = 0;
				GCC_PREPROCESSOR_DEFINITIONS = (
					"DEBUG=1",
					"$(inherited)",
				);
				GCC_WARN_64_TO_32_BIT_CONVERSION = YES;
				GCC_WARN_ABOUT_RETURN_TYPE = YES_ERROR;
				GCC_WARN_UNDECLARED_SELECTOR = YES;
				GCC_WARN_UNINITIALIZED_AUTOS = YES_AGGRESSIVE;
				GCC_WARN_UNUSED_FUNCTION = YES;
				GCC_WARN_UNUSED_VARIABLE = YES;
				IPHONEOS_DEPLOYMENT_TARGET = 17.4;
				LOCALIZATION_PREFERS_STRING_CATALOGS = YES;
				MTL_ENABLE_DEBUG_INFO = INCLUDE_SOURCE;
				MTL_FAST_MATH = YES;
				ONLY_ACTIVE_ARCH = YES;
				SDKROOT = iphoneos;
				SWIFT_ACTIVE_COMPILATION_CONDITIONS = "DEBUG $(inherited)";
				SWIFT_OPTIMIZATION_LEVEL = "-Onone";
			};
			name = Debug;
		};
		3AEB27D52BE2A507003225A4 /* Release */ = {
			isa = XCBuildConfiguration;
			buildSettings = {
				ALWAYS_SEARCH_USER_PATHS = NO;
				ASSETCATALOG_COMPILER_GENERATE_SWIFT_ASSET_SYMBOL_EXTENSIONS = YES;
				CLANG_ANALYZER_NONNULL = YES;
				CLANG_ANALYZER_NUMBER_OBJECT_CONVERSION = YES_AGGRESSIVE;
				CLANG_CXX_LANGUAGE_STANDARD = "gnu++20";
				CLANG_ENABLE_MODULES = YES;
				CLANG_ENABLE_OBJC_ARC = YES;
				CLANG_ENABLE_OBJC_WEAK = YES;
				CLANG_WARN_BLOCK_CAPTURE_AUTORELEASING = YES;
				CLANG_WARN_BOOL_CONVERSION = YES;
				CLANG_WARN_COMMA = YES;
				CLANG_WARN_CONSTANT_CONVERSION = YES;
				CLANG_WARN_DEPRECATED_OBJC_IMPLEMENTATIONS = YES;
				CLANG_WARN_DIRECT_OBJC_ISA_USAGE = YES_ERROR;
				CLANG_WARN_DOCUMENTATION_COMMENTS = YES;
				CLANG_WARN_EMPTY_BODY = YES;
				CLANG_WARN_ENUM_CONVERSION = YES;
				CLANG_WARN_INFINITE_RECURSION = YES;
				CLANG_WARN_INT_CONVERSION = YES;
				CLANG_WARN_NON_LITERAL_NULL_CONVERSION = YES;
				CLANG_WARN_OBJC_IMPLICIT_RETAIN_SELF = YES;
				CLANG_WARN_OBJC_LITERAL_CONVERSION = YES;
				CLANG_WARN_OBJC_ROOT_CLASS = YES_ERROR;
				CLANG_WARN_QUOTED_INCLUDE_IN_FRAMEWORK_HEADER = YES;
				CLANG_WARN_RANGE_LOOP_ANALYSIS = YES;
				CLANG_WARN_STRICT_PROTOTYPES = YES;
				CLANG_WARN_SUSPICIOUS_MOVE = YES;
				CLANG_WARN_UNGUARDED_AVAILABILITY = YES_AGGRESSIVE;
				CLANG_WARN_UNREACHABLE_CODE = YES;
				CLANG_WARN__DUPLICATE_METHOD_MATCH = YES;
				COPY_PHASE_STRIP = NO;
				DEBUG_INFORMATION_FORMAT = "dwarf-with-dsym";
				ENABLE_NS_ASSERTIONS = NO;
				ENABLE_STRICT_OBJC_MSGSEND = YES;
				ENABLE_USER_SCRIPT_SANDBOXING = YES;
				GCC_C_LANGUAGE_STANDARD = gnu17;
				GCC_NO_COMMON_BLOCKS = YES;
				GCC_WARN_64_TO_32_BIT_CONVERSION = YES;
				GCC_WARN_ABOUT_RETURN_TYPE = YES_ERROR;
				GCC_WARN_UNDECLARED_SELECTOR = YES;
				GCC_WARN_UNINITIALIZED_AUTOS = YES_AGGRESSIVE;
				GCC_WARN_UNUSED_FUNCTION = YES;
				GCC_WARN_UNUSED_VARIABLE = YES;
				IPHONEOS_DEPLOYMENT_TARGET = 17.4;
				LOCALIZATION_PREFERS_STRING_CATALOGS = YES;
				MTL_ENABLE_DEBUG_INFO = NO;
				MTL_FAST_MATH = YES;
				SDKROOT = iphoneos;
				SWIFT_COMPILATION_MODE = wholemodule;
				VALIDATE_PRODUCT = YES;
			};
			name = Release;
		};
		3AEB27D72BE2A507003225A4 /* Debug */ = {
			isa = XCBuildConfiguration;
			buildSettings = {
				ASSETCATALOG_COMPILER_APPICON_NAME = AppIcon;
				ASSETCATALOG_COMPILER_GLOBAL_ACCENT_COLOR_NAME = AccentColor;
				CODE_SIGN_STYLE = Automatic;
				CURRENT_PROJECT_VERSION = 1;
				DEVELOPMENT_ASSET_PATHS = "\"ELM+ASYNC/Preview Content\"";
				DEVELOPMENT_TEAM = PSDJX2H54B;
				ENABLE_PREVIEWS = YES;
				GENERATE_INFOPLIST_FILE = YES;
				INFOPLIST_KEY_UIApplicationSceneManifest_Generation = YES;
				INFOPLIST_KEY_UIApplicationSupportsIndirectInputEvents = YES;
				INFOPLIST_KEY_UILaunchScreen_Generation = YES;
				INFOPLIST_KEY_UISupportedInterfaceOrientations_iPad = "UIInterfaceOrientationPortrait UIInterfaceOrientationPortraitUpsideDown UIInterfaceOrientationLandscapeLeft UIInterfaceOrientationLandscapeRight";
				INFOPLIST_KEY_UISupportedInterfaceOrientations_iPhone = "UIInterfaceOrientationPortrait UIInterfaceOrientationLandscapeLeft UIInterfaceOrientationLandscapeRight";
				LD_RUNPATH_SEARCH_PATHS = (
					"$(inherited)",
					"@executable_path/Frameworks",
				);
				MARKETING_VERSION = 1.0;
				PRODUCT_BUNDLE_IDENTIFIER = "test.app.ELM-ASYNC";
				PRODUCT_NAME = "$(TARGET_NAME)";
				SWIFT_EMIT_LOC_STRINGS = YES;
				SWIFT_VERSION = 5.0;
				TARGETED_DEVICE_FAMILY = "1,2";
			};
			name = Debug;
		};
		3AEB27D82BE2A507003225A4 /* Release */ = {
			isa = XCBuildConfiguration;
			buildSettings = {
				ASSETCATALOG_COMPILER_APPICON_NAME = AppIcon;
				ASSETCATALOG_COMPILER_GLOBAL_ACCENT_COLOR_NAME = AccentColor;
				CODE_SIGN_STYLE = Automatic;
				CURRENT_PROJECT_VERSION = 1;
				DEVELOPMENT_ASSET_PATHS = "\"ELM+ASYNC/Preview Content\"";
				DEVELOPMENT_TEAM = PSDJX2H54B;
				ENABLE_PREVIEWS = YES;
				GENERATE_INFOPLIST_FILE = YES;
				INFOPLIST_KEY_UIApplicationSceneManifest_Generation = YES;
				INFOPLIST_KEY_UIApplicationSupportsIndirectInputEvents = YES;
				INFOPLIST_KEY_UILaunchScreen_Generation = YES;
				INFOPLIST_KEY_UISupportedInterfaceOrientations_iPad = "UIInterfaceOrientationPortrait UIInterfaceOrientationPortraitUpsideDown UIInterfaceOrientationLandscapeLeft UIInterfaceOrientationLandscapeRight";
				INFOPLIST_KEY_UISupportedInterfaceOrientations_iPhone = "UIInterfaceOrientationPortrait UIInterfaceOrientationLandscapeLeft UIInterfaceOrientationLandscapeRight";
				LD_RUNPATH_SEARCH_PATHS = (
					"$(inherited)",
					"@executable_path/Frameworks",
				);
				MARKETING_VERSION = 1.0;
				PRODUCT_BUNDLE_IDENTIFIER = "test.app.ELM-ASYNC";
				PRODUCT_NAME = "$(TARGET_NAME)";
				SWIFT_EMIT_LOC_STRINGS = YES;
				SWIFT_VERSION = 5.0;
				TARGETED_DEVICE_FAMILY = "1,2";
			};
			name = Release;
		};
/* End XCBuildConfiguration section */

/* Begin XCConfigurationList section */
		3AEB27C32BE2A506003225A4 /* Build configuration list for PBXProject "ELM+ASYNC" */ = {
			isa = XCConfigurationList;
			buildConfigurations = (
				3AEB27D42BE2A507003225A4 /* Debug */,
				3AEB27D52BE2A507003225A4 /* Release */,
			);
			defaultConfigurationIsVisible = 0;
			defaultConfigurationName = Release;
		};
		3AEB27D62BE2A507003225A4 /* Build configuration list for PBXNativeTarget "ELM+ASYNC" */ = {
			isa = XCConfigurationList;
			buildConfigurations = (
				3AEB27D72BE2A507003225A4 /* Debug */,
				3AEB27D82BE2A507003225A4 /* Release */,
			);
			defaultConfigurationIsVisible = 0;
			defaultConfigurationName = Release;
		};
/* End XCConfigurationList section */
	};
	rootObject = 3AEB27C02BE2A506003225A4 /* Project object */;
}
